
Microsoft Visual Studio Solution File, Format Version 12.00
# Visual Studio Version 17
VisualStudioVersion = 17.3.32901.215
MinimumVisualStudioVersion = 10.0.40219.1
Project("{FAE04EC0-301F-11D3-BF4B-00C04F79EFBC}") = "SFTP", "SFTP\SFTP.csproj", "{95B649F7-538D-4755-818C-2AAD39CA565C}"
EndProject
Global
	GlobalSection(SolutionConfigurationPlatforms) = preSolution
		Debug|Any CPU = Debug|Any CPU
		Release|Any CPU = Release|Any CPU
	EndGlobalSection
	GlobalSection(ProjectConfigurationPlatforms) = postSolution
		{95B649F7-538D-4755-818C-2AAD39CA565C}.Debug|Any CPU.ActiveCfg = Debug|Any CPU
		{95B649F7-538D-4755-818C-2AAD39CA565C}.Debug|Any CPU.Build.0 = Debug|Any CPU
		{95B649F7-538D-4755-818C-2AAD39CA565C}.Release|Any CPU.ActiveCfg = Release|Any CPU
		{95B649F7-538D-4755-818C-2AAD39CA565C}.Release|Any CPU.Build.0 = Release|Any CPU
	EndGlobalSection
	GlobalSection(SolutionProperties) = preSolution
		HideSolutionNode = FALSE
	EndGlobalSection
	GlobalSection(ExtensibilityGlobals) = postSolution
		SolutionGuid = {8F657FDF-520E-4245-81C2-21EB6B246636}
	EndGlobalSection
EndGlobal
